// !$*UTF8*$!
{
	archiveVersion = 1;
	classes = {
	};
	objectVersion = 46;
	objects = {

/* Begin PBXBuildFile section */
		CA8C10DF1CD68F9800BA62AF /* main.m in Sources */ = {isa = PBXBuildFile; fileRef = CA8C10DE1CD68F9800BA62AF /* main.m */; };
		CA8C10E21CD68F9800BA62AF /* AppDelegate.m in Sources */ = {isa = PBXBuildFile; fileRef = CA8C10E11CD68F9800BA62AF /* AppDelegate.m */; };
		CA8C10E51CD68F9800BA62AF /* ViewController.m in Sources */ = {isa = PBXBuildFile; fileRef = CA8C10E41CD68F9800BA62AF /* ViewController.m */; };
		CA8C10E81CD68F9800BA62AF /* Main.storyboard in Resources */ = {isa = PBXBuildFile; fileRef = CA8C10E61CD68F9800BA62AF /* Main.storyboard */; };
		CA8C10EA1CD68F9800BA62AF /* Assets.xcassets in Resources */ = {isa = PBXBuildFile; fileRef = CA8C10E91CD68F9800BA62AF /* Assets.xcassets */; };
		CA8C10ED1CD68F9800BA62AF /* LaunchScreen.storyboard in Resources */ = {isa = PBXBuildFile; fileRef = CA8C10EB1CD68F9800BA62AF /* LaunchScreen.storyboard */; };
		CA8C10F81CD68F9800BA62AF /* ThatDay_sqlite3Tests.m in Sources */ = {isa = PBXBuildFile; fileRef = CA8C10F71CD68F9800BA62AF /* ThatDay_sqlite3Tests.m */; };
		CA8C11031CD68F9800BA62AF /* ThatDay_sqlite3UITests.m in Sources */ = {isa = PBXBuildFile; fileRef = CA8C11021CD68F9800BA62AF /* ThatDay_sqlite3UITests.m */; };
/* End PBXBuildFile section */

/* Begin PBXContainerItemProxy section */
		CA8C10F41CD68F9800BA62AF /* PBXContainerItemProxy */ = {
			isa = PBXContainerItemProxy;
			containerPortal = CA8C10D21CD68F9800BA62AF /* Project object */;
			proxyType = 1;
			remoteGlobalIDString = CA8C10D91CD68F9800BA62AF;
			remoteInfo = ThatDay_sqlite3;
		};
		CA8C10FF1CD68F9800BA62AF /* PBXContainerItemProxy */ = {
			isa = PBXContainerItemProxy;
			containerPortal = CA8C10D21CD68F9800BA62AF /* Project object */;
			proxyType = 1;
			remoteGlobalIDString = CA8C10D91CD68F9800BA62AF;
			remoteInfo = ThatDay_sqlite3;
		};
/* End PBXContainerItemProxy section */

/* Begin PBXFileReference section */
		CA8C10DA1CD68F9800BA62AF /* ThatDay_sqlite3.app */ = {isa = PBXFileReference; explicitFileType = wrapper.application; includeInIndex = 0; path = ThatDay_sqlite3.app; sourceTree = BUILT_PRODUCTS_DIR; };
		CA8C10DE1CD68F9800BA62AF /* main.m */ = {isa = PBXFileReference; lastKnownFileType = sourcecode.c.objc; path = main.m; sourceTree = "<group>"; };
		CA8C10E01CD68F9800BA62AF /* AppDelegate.h */ = {isa = PBXFileReference; lastKnownFileType = sourcecode.c.h; path = AppDelegate.h; sourceTree = "<group>"; };
		CA8C10E11CD68F9800BA62AF /* AppDelegate.m */ = {isa = PBXFileReference; lastKnownFileType = sourcecode.c.objc; path = AppDelegate.m; sourceTree = "<group>"; };
		CA8C10E31CD68F9800BA62AF /* ViewController.h */ = {isa = PBXFileReference; lastKnownFileType = sourcecode.c.h; path = ViewController.h; sourceTree = "<group>"; };
		CA8C10E41CD68F9800BA62AF /* ViewController.m */ = {isa = PBXFileReference; lastKnownFileType = sourcecode.c.objc; path = ViewController.m; sourceTree = "<group>"; };
		CA8C10E71CD68F9800BA62AF /* Base */ = {isa = PBXFileReference; lastKnownFileType = file.storyboard; name = Base; path = Base.lproj/Main.storyboard; sourceTree = "<group>"; };
		CA8C10E91CD68F9800BA62AF /* Assets.xcassets */ = {isa = PBXFileReference; lastKnownFileType = folder.assetcatalog; path = Assets.xcassets; sourceTree = "<group>"; };
		CA8C10EC1CD68F9800BA62AF /* Base */ = {isa = PBXFileReference; lastKnownFileType = file.storyboard; name = Base; path = Base.lproj/LaunchScreen.storyboard; sourceTree = "<group>"; };
		CA8C10EE1CD68F9800BA62AF /* Info.plist */ = {isa = PBXFileReference; lastKnownFileType = text.plist.xml; path = Info.plist; sourceTree = "<group>"; };
		CA8C10F31CD68F9800BA62AF /* ThatDay_sqlite3Tests.xctest */ = {isa = PBXFileReference; explicitFileType = wrapper.cfbundle; includeInIndex = 0; path = ThatDay_sqlite3Tests.xctest; sourceTree = BUILT_PRODUCTS_DIR; };
		CA8C10F71CD68F9800BA62AF /* ThatDay_sqlite3Tests.m */ = {isa = PBXFileReference; lastKnownFileType = sourcecode.c.objc; path = ThatDay_sqlite3Tests.m; sourceTree = "<group>"; };
		CA8C10F91CD68F9800BA62AF /* Info.plist */ = {isa = PBXFileReference; lastKnownFileType = text.plist.xml; path = Info.plist; sourceTree = "<group>"; };
		CA8C10FE1CD68F9800BA62AF /* ThatDay_sqlite3UITests.xctest */ = {isa = PBXFileReference; explicitFileType = wrapper.cfbundle; includeInIndex = 0; path = ThatDay_sqlite3UITests.xctest; sourceTree = BUILT_PRODUCTS_DIR; };
		CA8C11021CD68F9800BA62AF /* ThatDay_sqlite3UITests.m */ = {isa = PBXFileReference; lastKnownFileType = sourcecode.c.objc; path = ThatDay_sqlite3UITests.m; sourceTree = "<group>"; };
		CA8C11041CD68F9800BA62AF /* Info.plist */ = {isa = PBXFileReference; lastKnownFileType = text.plist.xml; path = Info.plist; sourceTree = "<group>"; };
/* End PBXFileReference section */

/* Begin PBXFrameworksBuildPhase section */
		CA8C10D71CD68F9800BA62AF /* Frameworks */ = {
			isa = PBXFrameworksBuildPhase;
			buildActionMask = 2147483647;
			files = (
			);
			runOnlyForDeploymentPostprocessing = 0;
		};
		CA8C10F01CD68F9800BA62AF /* Frameworks */ = {
			isa = PBXFrameworksBuildPhase;
			buildActionMask = 2147483647;
			files = (
			);
			runOnlyForDeploymentPostprocessing = 0;
		};
		CA8C10FB1CD68F9800BA62AF /* Frameworks */ = {
			isa = PBXFrameworksBuildPhase;
			buildActionMask = 2147483647;
			files = (
			);
			runOnlyForDeploymentPostprocessing = 0;
		};
/* End PBXFrameworksBuildPhase section */

/* Begin PBXGroup section */
		CA8C10D11CD68F9800BA62AF = {
			isa = PBXGroup;
			children = (
				CA8C10DC1CD68F9800BA62AF /* ThatDay_sqlite3 */,
				CA8C10F61CD68F9800BA62AF /* ThatDay_sqlite3Tests */,
				CA8C11011CD68F9800BA62AF /* ThatDay_sqlite3UITests */,
				CA8C10DB1CD68F9800BA62AF /* Products */,
			);
			sourceTree = "<group>";
		};
		CA8C10DB1CD68F9800BA62AF /* Products */ = {
			isa = PBXGroup;
			children = (
				CA8C10DA1CD68F9800BA62AF /* ThatDay_sqlite3.app */,
				CA8C10F31CD68F9800BA62AF /* ThatDay_sqlite3Tests.xctest */,
				CA8C10FE1CD68F9800BA62AF /* ThatDay_sqlite3UITests.xctest */,
			);
			name = Products;
			sourceTree = "<group>";
		};
		CA8C10DC1CD68F9800BA62AF /* ThatDay_sqlite3 */ = {
			isa = PBXGroup;
			children = (
				CA8C10E01CD68F9800BA62AF /* AppDelegate.h */,
				CA8C10E11CD68F9800BA62AF /* AppDelegate.m */,
				CA8C10E31CD68F9800BA62AF /* ViewController.h */,
				CA8C10E41CD68F9800BA62AF /* ViewController.m */,
				CA8C10E61CD68F9800BA62AF /* Main.storyboard */,
				CA8C10E91CD68F9800BA62AF /* Assets.xcassets */,
				CA8C10EB1CD68F9800BA62AF /* LaunchScreen.storyboard */,
				CA8C10EE1CD68F9800BA62AF /* Info.plist */,
				CA8C10DD1CD68F9800BA62AF /* Supporting Files */,
			);
			path = ThatDay_sqlite3;
			sourceTree = "<group>";
		};
		CA8C10DD1CD68F9800BA62AF /* Supporting Files */ = {
			isa = PBXGroup;
			children = (
				CA8C10DE1CD68F9800BA62AF /* main.m */,
			);
			name = "Supporting Files";
			sourceTree = "<group>";
		};
		CA8C10F61CD68F9800BA62AF /* ThatDay_sqlite3Tests */ = {
			isa = PBXGroup;
			children = (
				CA8C10F71CD68F9800BA62AF /* ThatDay_sqlite3Tests.m */,
				CA8C10F91CD68F9800BA62AF /* Info.plist */,
			);
			path = ThatDay_sqlite3Tests;
			sourceTree = "<group>";
		};
		CA8C11011CD68F9800BA62AF /* ThatDay_sqlite3UITests */ = {
			isa = PBXGroup;
			children = (
				CA8C11021CD68F9800BA62AF /* ThatDay_sqlite3UITests.m */,
				CA8C11041CD68F9800BA62AF /* Info.plist */,
			);
			path = ThatDay_sqlite3UITests;
			sourceTree = "<group>";
		};
/* End PBXGroup section */

/* Begin PBXNativeTarget section */
		CA8C10D91CD68F9800BA62AF /* ThatDay_sqlite3 */ = {
			isa = PBXNativeTarget;
			buildConfigurationList = CA8C11071CD68F9800BA62AF /* Build configuration list for PBXNativeTarget "ThatDay_sqlite3" */;
			buildPhases = (
				CA8C10D61CD68F9800BA62AF /* Sources */,
				CA8C10D71CD68F9800BA62AF /* Frameworks */,
				CA8C10D81CD68F9800BA62AF /* Resources */,
			);
			buildRules = (
			);
			dependencies = (
			);
			name = ThatDay_sqlite3;
			productName = ThatDay_sqlite3;
			productReference = CA8C10DA1CD68F9800BA62AF /* ThatDay_sqlite3.app */;
			productType = "com.apple.product-type.application";
		};
		CA8C10F21CD68F9800BA62AF /* ThatDay_sqlite3Tests */ = {
			isa = PBXNativeTarget;
			buildConfigurationList = CA8C110A1CD68F9800BA62AF /* Build configuration list for PBXNativeTarget "ThatDay_sqlite3Tests" */;
			buildPhases = (
				CA8C10EF1CD68F9800BA62AF /* Sources */,
				CA8C10F01CD68F9800BA62AF /* Frameworks */,
				CA8C10F11CD68F9800BA62AF /* Resources */,
			);
			buildRules = (
			);
			dependencies = (
				CA8C10F51CD68F9800BA62AF /* PBXTargetDependency */,
			);
			name = ThatDay_sqlite3Tests;
			productName = ThatDay_sqlite3Tests;
			productReference = CA8C10F31CD68F9800BA62AF /* ThatDay_sqlite3Tests.xctest */;
			productType = "com.apple.product-type.bundle.unit-test";
		};
		CA8C10FD1CD68F9800BA62AF /* ThatDay_sqlite3UITests */ = {
			isa = PBXNativeTarget;
			buildConfigurationList = CA8C110D1CD68F9800BA62AF /* Build configuration list for PBXNativeTarget "ThatDay_sqlite3UITests" */;
			buildPhases = (
				CA8C10FA1CD68F9800BA62AF /* Sources */,
				CA8C10FB1CD68F9800BA62AF /* Frameworks */,
				CA8C10FC1CD68F9800BA62AF /* Resources */,
			);
			buildRules = (
			);
			dependencies = (
				CA8C11001CD68F9800BA62AF /* PBXTargetDependency */,
			);
			name = ThatDay_sqlite3UITests;
			productName = ThatDay_sqlite3UITests;
			productReference = CA8C10FE1CD68F9800BA62AF /* ThatDay_sqlite3UITests.xctest */;
			productType = "com.apple.product-type.bundle.ui-testing";
		};
/* End PBXNativeTarget section */

/* Begin PBXProject section */
		CA8C10D21CD68F9800BA62AF /* Project object */ = {
			isa = PBXProject;
			attributes = {
				LastUpgradeCheck = 0700;
				ORGANIZATIONNAME = ZhongZhongzhong;
				TargetAttributes = {
					CA8C10D91CD68F9800BA62AF = {
						CreatedOnToolsVersion = 7.0.1;
						DevelopmentTeam = D667J2X7L2;
					};
					CA8C10F21CD68F9800BA62AF = {
						CreatedOnToolsVersion = 7.0.1;
						DevelopmentTeam = D667J2X7L2;
						TestTargetID = CA8C10D91CD68F9800BA62AF;
					};
					CA8C10FD1CD68F9800BA62AF = {
						CreatedOnToolsVersion = 7.0.1;
						DevelopmentTeam = D667J2X7L2;
						TestTargetID = CA8C10D91CD68F9800BA62AF;
					};
				};
			};
			buildConfigurationList = CA8C10D51CD68F9800BA62AF /* Build configuration list for PBXProject "ThatDay_sqlite3" */;
			compatibilityVersion = "Xcode 3.2";
			developmentRegion = English;
			hasScannedForEncodings = 0;
			knownRegions = (
				en,
				Base,
			);
			mainGroup = CA8C10D11CD68F9800BA62AF;
			productRefGroup = CA8C10DB1CD68F9800BA62AF /* Products */;
			projectDirPath = "";
			projectRoot = "";
			targets = (
				CA8C10D91CD68F9800BA62AF /* ThatDay_sqlite3 */,
				CA8C10F21CD68F9800BA62AF /* ThatDay_sqlite3Tests */,
				CA8C10FD1CD68F9800BA62AF /* ThatDay_sqlite3UITests */,
			);
		};
/* End PBXProject section */

/* Begin PBXResourcesBuildPhase section */
		CA8C10D81CD68F9800BA62AF /* Resources */ = {
			isa = PBXResourcesBuildPhase;
			buildActionMask = 2147483647;
			files = (
				CA8C10ED1CD68F9800BA62AF /* LaunchScreen.storyboard in Resources */,
				CA8C10EA1CD68F9800BA62AF /* Assets.xcassets in Resources */,
				CA8C10E81CD68F9800BA62AF /* Main.storyboard in Resources */,
			);
			runOnlyForDeploymentPostprocessing = 0;
		};
		CA8C10F11CD68F9800BA62AF /* Resources */ = {
			isa = PBXResourcesBuildPhase;
			buildActionMask = 2147483647;
			files = (
			);
			runOnlyForDeploymentPostprocessing = 0;
		};
		CA8C10FC1CD68F9800BA62AF /* Resources */ = {
			isa = PBXResourcesBuildPhase;
			buildActionMask = 2147483647;
			files = (
			);
			runOnlyForDeploymentPostprocessing = 0;
		};
/* End PBXResourcesBuildPhase section */

/* Begin PBXSourcesBuildPhase section */
		CA8C10D61CD68F9800BA62AF /* Sources */ = {
			isa = PBXSourcesBuildPhase;
			buildActionMask = 2147483647;
			files = (
				CA8C10E51CD68F9800BA62AF /* ViewController.m in Sources */,
				CA8C10E21CD68F9800BA62AF /* AppDelegate.m in Sources */,
				CA8C10DF1CD68F9800BA62AF /* main.m in Sources */,
			);
			runOnlyForDeploymentPostprocessing = 0;
		};
		CA8C10EF1CD68F9800BA62AF /* Sources */ = {
			isa = PBXSourcesBuildPhase;
			buildActionMask = 2147483647;
			files = (
				CA8C10F81CD68F9800BA62AF /* ThatDay_sqlite3Tests.m in Sources */,
			);
			runOnlyForDeploymentPostprocessing = 0;
		};
		CA8C10FA1CD68F9800BA62AF /* Sources */ = {
			isa = PBXSourcesBuildPhase;
			buildActionMask = 2147483647;
			files = (
				CA8C11031CD68F9800BA62AF /* ThatDay_sqlite3UITests.m in Sources */,
			);
			runOnlyForDeploymentPostprocessing = 0;
		};
/* End PBXSourcesBuildPhase section */

/* Begin PBXTargetDependency section */
		CA8C10F51CD68F9800BA62AF /* PBXTargetDependency */ = {
			isa = PBXTargetDependency;
			target = CA8C10D91CD68F9800BA62AF /* ThatDay_sqlite3 */;
			targetProxy = CA8C10F41CD68F9800BA62AF /* PBXContainerItemProxy */;
		};
		CA8C11001CD68F9800BA62AF /* PBXTargetDependency */ = {
			isa = PBXTargetDependency;
			target = CA8C10D91CD68F9800BA62AF /* ThatDay_sqlite3 */;
			targetProxy = CA8C10FF1CD68F9800BA62AF /* PBXContainerItemProxy */;
		};
/* End PBXTargetDependency section */

/* Begin PBXVariantGroup section */
		CA8C10E61CD68F9800BA62AF /* Main.storyboard */ = {
			isa = PBXVariantGroup;
			children = (
				CA8C10E71CD68F9800BA62AF /* Base */,
			);
			name = Main.storyboard;
			sourceTree = "<group>";
		};
		CA8C10EB1CD68F9800BA62AF /* LaunchScreen.storyboard */ = {
			isa = PBXVariantGroup;
			children = (
				CA8C10EC1CD68F9800BA62AF /* Base */,
			);
			name = LaunchScreen.storyboard;
			sourceTree = "<group>";
		};
/* End PBXVariantGroup section */

/* Begin XCBuildConfiguration section */
		CA8C11051CD68F9800BA62AF /* Debug */ = {
			isa = XCBuildConfiguration;
			buildSettings = {
				ALWAYS_SEARCH_USER_PATHS = NO;
				CLANG_CXX_LANGUAGE_STANDARD = "gnu++0x";
				CLANG_CXX_LIBRARY = "libc++";
				CLANG_ENABLE_MODULES = YES;
				CLANG_ENABLE_OBJC_ARC = YES;
				CLANG_WARN_BOOL_CONVERSION = YES;
				CLANG_WARN_CONSTANT_CONVERSION = YES;
				CLANG_WARN_DIRECT_OBJC_ISA_USAGE = YES_ERROR;
				CLANG_WARN_EMPTY_BODY = YES;
				CLANG_WARN_ENUM_CONVERSION = YES;
				CLANG_WARN_INT_CONVERSION = YES;
				CLANG_WARN_OBJC_ROOT_CLASS = YES_ERROR;
				CLANG_WARN_UNREACHABLE_CODE = YES;
				CLANG_WARN__DUPLICATE_METHOD_MATCH = YES;
				"CODE_SIGN_IDENTITY[sdk=iphoneos*]" = "iPhone Developer";
				COPY_PHASE_STRIP = NO;
				DEBUG_INFORMATION_FORMAT = dwarf;
				ENABLE_STRICT_OBJC_MSGSEND = YES;
				ENABLE_TESTABILITY = YES;
				GCC_C_LANGUAGE_STANDARD = gnu99;
				GCC_DYNAMIC_NO_PIC = NO;
				GCC_NO_COMMON_BLOCKS = YES;
				GCC_OPTIMIZATION_LEVEL = 0;
				GCC_PREPROCESSOR_DEFINITIONS = (
					"DEBUG=1",
					"$(inherited)",
				);
				GCC_WARN_64_TO_32_BIT_CONVERSION = YES;
				GCC_WARN_ABOUT_RETURN_TYPE = YES_ERROR;
				GCC_WARN_UNDECLARED_SELECTOR = YES;
				GCC_WARN_UNINITIALIZED_AUTOS = YES_AGGRESSIVE;
				GCC_WARN_UNUSED_FUNCTION = YES;
				GCC_WARN_UNUSED_VARIABLE = YES;
				IPHONEOS_DEPLOYMENT_TARGET = 9.0;
				MTL_ENABLE_DEBUG_INFO = YES;
				ONLY_ACTIVE_ARCH = YES;
				SDKROOT = iphoneos;
				TARGETED_DEVICE_FAMILY = "1,2";
			};
			name = Debug;
		};
		CA8C11061CD68F9800BA62AF /* Release */ = {
			isa = XCBuildConfiguration;
			buildSettings = {
				ALWAYS_SEARCH_USER_PATHS = NO;
				CLANG_CXX_LANGUAGE_STANDARD = "gnu++0x";
				CLANG_CXX_LIBRARY = "libc++";
				CLANG_ENABLE_MODULES = YES;
				CLANG_ENABLE_OBJC_ARC = YES;
				CLANG_WARN_BOOL_CONVERSION = YES;
				CLANG_WARN_CONSTANT_CONVERSION = YES;
				CLANG_WARN_DIRECT_OBJC_ISA_USAGE = YES_ERROR;
				CLANG_WARN_EMPTY_BODY = YES;
				CLANG_WARN_ENUM_CONVERSION = YES;
				CLANG_WARN_INT_CONVERSION = YES;
				CLANG_WARN_OBJC_ROOT_CLASS = YES_ERROR;
				CLANG_WARN_UNREACHABLE_CODE = YES;
				CLANG_WARN__DUPLICATE_METHOD_MATCH = YES;
				"CODE_SIGN_IDENTITY[sdk=iphoneos*]" = "iPhone Developer";
				COPY_PHASE_STRIP = NO;
				DEBUG_INFORMATION_FORMAT = "dwarf-with-dsym";
				ENABLE_NS_ASSERTIONS = NO;
				ENABLE_STRICT_OBJC_MSGSEND = YES;
				GCC_C_LANGUAGE_STANDARD = gnu99;
				GCC_NO_COMMON_BLOCKS = YES;
				GCC_WARN_64_TO_32_BIT_CONVERSION = YES;
				GCC_WARN_ABOUT_RETURN_TYPE = YES_ERROR;
				GCC_WARN_UNDECLARED_SELECTOR = YES;
				GCC_WARN_UNINITIALIZED_AUTOS = YES_AGGRESSIVE;
				GCC_WARN_UNUSED_FUNCTION = YES;
				GCC_WARN_UNUSED_VARIABLE = YES;
				IPHONEOS_DEPLOYMENT_TARGET = 9.0;
				MTL_ENABLE_DEBUG_INFO = NO;
				SDKROOT = iphoneos;
				TARGETED_DEVICE_FAMILY = "1,2";
				VALIDATE_PRODUCT = YES;
			};
			name = Release;
		};
		CA8C11081CD68F9800BA62AF /* Debug */ = {
			isa = XCBuildConfiguration;
			buildSettings = {
				ASSETCATALOG_COMPILER_APPICON_NAME = AppIcon;
				INFOPLIST_FILE = ThatDay_sqlite3/Info.plist;
				LD_RUNPATH_SEARCH_PATHS = "$(inherited) @executable_path/Frameworks";
				PRODUCT_BUNDLE_IDENTIFIER = "com.example.ThatDay-sqlite3";
				PRODUCT_NAME = "$(TARGET_NAME)";
			};
			name = Debug;
		};
		CA8C11091CD68F9800BA62AF /* Release */ = {
			isa = XCBuildConfiguration;
			buildSettings = {
				ASSETCATALOG_COMPILER_APPICON_NAME = AppIcon;
				INFOPLIST_FILE = ThatDay_sqlite3/Info.plist;
				LD_RUNPATH_SEARCH_PATHS = "$(inherited) @executable_path/Frameworks";
				PRODUCT_BUNDLE_IDENTIFIER = "com.example.ThatDay-sqlite3";
				PRODUCT_NAME = "$(TARGET_NAME)";
			};
			name = Release;
		};
		CA8C110B1CD68F9800BA62AF /* Debug */ = {
			isa = XCBuildConfiguration;
			buildSettings = {
				BUNDLE_LOADER = "$(TEST_HOST)";
				INFOPLIST_FILE = ThatDay_sqlite3Tests/Info.plist;
				LD_RUNPATH_SEARCH_PATHS = "$(inherited) @executable_path/Frameworks @loader_path/Frameworks";
				PRODUCT_BUNDLE_IDENTIFIER = "com.example.ThatDay-sqlite3Tests";
				PRODUCT_NAME = "$(TARGET_NAME)";
				TEST_HOST = "$(BUILT_PRODUCTS_DIR)/ThatDay_sqlite3.app/ThatDay_sqlite3";
			};
			name = Debug;
		};
		CA8C110C1CD68F9800BA62AF /* Release */ = {
			isa = XCBuildConfiguration;
			buildSettings = {
				BUNDLE_LOADER = "$(TEST_HOST)";
				INFOPLIST_FILE = ThatDay_sqlite3Tests/Info.plist;
				LD_RUNPATH_SEARCH_PATHS = "$(inherited) @executable_path/Frameworks @loader_path/Frameworks";
				PRODUCT_BUNDLE_IDENTIFIER = "com.example.ThatDay-sqlite3Tests";
				PRODUCT_NAME = "$(TARGET_NAME)";
				TEST_HOST = "$(BUILT_PRODUCTS_DIR)/ThatDay_sqlite3.app/ThatDay_sqlite3";
			};
			name = Release;
		};
		CA8C110E1CD68F9800BA62AF /* Debug */ = {
			isa = XCBuildConfiguration;
			buildSettings = {
				INFOPLIST_FILE = ThatDay_sqlite3UITests/Info.plist;
				LD_RUNPATH_SEARCH_PATHS = "$(inherited) @executable_path/Frameworks @loader_path/Frameworks";
				PRODUCT_BUNDLE_IDENTIFIER = "com.example.ThatDay-sqlite3UITests";
				PRODUCT_NAME = "$(TARGET_NAME)";
				TEST_TARGET_NAME = ThatDay_sqlite3;
				USES_XCTRUNNER = YES;
			};
			name = Debug;
		};
		CA8C110F1CD68F9800BA62AF /* Release */ = {
			isa = XCBuildConfiguration;
			buildSettings = {
				INFOPLIST_FILE = ThatDay_sqlite3UITests/Info.plist;
				LD_RUNPATH_SEARCH_PATHS = "$(inherited) @executable_path/Frameworks @loader_path/Frameworks";
				PRODUCT_BUNDLE_IDENTIFIER = "com.example.ThatDay-sqlite3UITests";
				PRODUCT_NAME = "$(TARGET_NAME)";
				TEST_TARGET_NAME = ThatDay_sqlite3;
				USES_XCTRUNNER = YES;
			};
			name = Release;
		};
/* End XCBuildConfiguration section */

/* Begin XCConfigurationList section */
		CA8C10D51CD68F9800BA62AF /* Build configuration list for PBXProject "ThatDay_sqlite3" */ = {
			isa = XCConfigurationList;
			buildConfigurations = (
				CA8C11051CD68F9800BA62AF /* Debug */,
				CA8C11061CD68F9800BA62AF /* Release */,
			);
			defaultConfigurationIsVisible = 0;
			defaultConfigurationName = Release;
		};
		CA8C11071CD68F9800BA62AF /* Build configuration list for PBXNativeTarget "ThatDay_sqlite3" */ = {
			isa = XCConfigurationList;
			buildConfigurations = (
				CA8C11081CD68F9800BA62AF /* Debug */,
				CA8C11091CD68F9800BA62AF /* Release */,
			);
			defaultConfigurationIsVisible = 0;
		};
		CA8C110A1CD68F9800BA62AF /* Build configuration list for PBXNativeTarget "ThatDay_sqlite3Tests" */ = {
			isa = XCConfigurationList;
			buildConfigurations = (
				CA8C110B1CD68F9800BA62AF /* Debug */,
				CA8C110C1CD68F9800BA62AF /* Release */,
			);
			defaultConfigurationIsVisible = 0;
		};
		CA8C110D1CD68F9800BA62AF /* Build configuration list for PBXNativeTarget "ThatDay_sqlite3UITests" */ = {
			isa = XCConfigurationList;
			buildConfigurations = (
				CA8C110E1CD68F9800BA62AF /* Debug */,
				CA8C110F1CD68F9800BA62AF /* Release */,
			);
			defaultConfigurationIsVisible = 0;
		};
/* End XCConfigurationList section */
	};
	rootObject = CA8C10D21CD68F9800BA62AF /* Project object */;
}
